
Microsoft Visual Studio Solution File, Format Version 12.00
# Visual Studio Version 16
VisualStudioVersion = 16.0.31005.135
MinimumVisualStudioVersion = 10.0.40219.1
Project("{FAE04EC0-301F-11D3-BF4B-00C04F79EFBC}") = "Diferenca dos produtos", "Diferenca dos produtos\Diferenca dos produtos.csproj", "{E37B43CE-990F-4FCA-BFC3-528D685A96EA}"
EndProject
Global
	GlobalSection(SolutionConfigurationPlatforms) = preSolution
		Debug|Any CPU = Debug|Any CPU
		Release|Any CPU = Release|Any CPU
	EndGlobalSection
	GlobalSection(ProjectConfigurationPlatforms) = postSolution
		{E37B43CE-990F-4FCA-BFC3-528D685A96EA}.Debug|Any CPU.ActiveCfg = Debug|Any CPU
		{E37B43CE-990F-4FCA-BFC3-528D685A96EA}.Debug|Any CPU.Build.0 = Debug|Any CPU
		{E37B43CE-990F-4FCA-BFC3-528D685A96EA}.Release|Any CPU.ActiveCfg = Release|Any CPU
		{E37B43CE-990F-4FCA-BFC3-528D685A96EA}.Release|Any CPU.Build.0 = Release|Any CPU
	EndGlobalSection
	GlobalSection(SolutionProperties) = preSolution
		HideSolutionNode = FALSE
	EndGlobalSection
	GlobalSection(ExtensibilityGlobals) = postSolution
		SolutionGuid = {9D322A95-5D8F-4C26-B055-553D072A5B67}
	EndGlobalSection
EndGlobal
