
Microsoft Visual Studio Solution File, Format Version 12.00
# Visual Studio Version 16
VisualStudioVersion = 16.0.31005.135
MinimumVisualStudioVersion = 10.0.40219.1
Project("{FAE04EC0-301F-11D3-BF4B-00C04F79EFBC}") = "Retangulo2", "Retangulo2\Retangulo2.csproj", "{E32E5DF2-832E-4ADD-B22D-DE171C5054BC}"
EndProject
Global
	GlobalSection(SolutionConfigurationPlatforms) = preSolution
		Debug|Any CPU = Debug|Any CPU
		Release|Any CPU = Release|Any CPU
	EndGlobalSection
	GlobalSection(ProjectConfigurationPlatforms) = postSolution
		{E32E5DF2-832E-4ADD-B22D-DE171C5054BC}.Debug|Any CPU.ActiveCfg = Debug|Any CPU
		{E32E5DF2-832E-4ADD-B22D-DE171C5054BC}.Debug|Any CPU.Build.0 = Debug|Any CPU
		{E32E5DF2-832E-4ADD-B22D-DE171C5054BC}.Release|Any CPU.ActiveCfg = Release|Any CPU
		{E32E5DF2-832E-4ADD-B22D-DE171C5054BC}.Release|Any CPU.Build.0 = Release|Any CPU
	EndGlobalSection
	GlobalSection(SolutionProperties) = preSolution
		HideSolutionNode = FALSE
	EndGlobalSection
	GlobalSection(ExtensibilityGlobals) = postSolution
		SolutionGuid = {E4691A5E-7958-481C-A535-9267EBE3FB0A}
	EndGlobalSection
EndGlobal
